
Microsoft Visual Studio Solution File, Format Version 12.00
# Visual Studio Version 16
VisualStudioVersion = 16.0.30711.63
MinimumVisualStudioVersion = 10.0.40219.1
Project("{9A19103F-16F7-4668-BE54-9A1E7A4F7556}") = "BankDepositors", "BankDepositors.csproj", "{C3036001-E54E-47C1-A0DB-16CE8D951506}"
EndProject
Project("{FAE04EC0-301F-11D3-BF4B-00C04F79EFBC}") = "FilteredListViewControl", "..\FilteredListViewControl\FilteredListViewControl.csproj", "{98F7F20F-59F2-4636-B0EA-88829D75F2FC}"
EndProject
Global
	GlobalSection(SolutionConfigurationPlatforms) = preSolution
		Debug|Any CPU = Debug|Any CPU
		Release|Any CPU = Release|Any CPU
	EndGlobalSection
	GlobalSection(ProjectConfigurationPlatforms) = postSolution
		{C3036001-E54E-47C1-A0DB-16CE8D951506}.Debug|Any CPU.ActiveCfg = Debug|Any CPU
		{C3036001-E54E-47C1-A0DB-16CE8D951506}.Debug|Any CPU.Build.0 = Debug|Any CPU
		{C3036001-E54E-47C1-A0DB-16CE8D951506}.Release|Any CPU.ActiveCfg = Release|Any CPU
		{C3036001-E54E-47C1-A0DB-16CE8D951506}.Release|Any CPU.Build.0 = Release|Any CPU
		{98F7F20F-59F2-4636-B0EA-88829D75F2FC}.Debug|Any CPU.ActiveCfg = Debug|Any CPU
		{98F7F20F-59F2-4636-B0EA-88829D75F2FC}.Debug|Any CPU.Build.0 = Debug|Any CPU
		{98F7F20F-59F2-4636-B0EA-88829D75F2FC}.Release|Any CPU.ActiveCfg = Release|Any CPU
		{98F7F20F-59F2-4636-B0EA-88829D75F2FC}.Release|Any CPU.Build.0 = Release|Any CPU
	EndGlobalSection
	GlobalSection(SolutionProperties) = preSolution
		HideSolutionNode = FALSE
	EndGlobalSection
	GlobalSection(ExtensibilityGlobals) = postSolution
		SolutionGuid = {49A3E5C6-CF08-4F8C-9527-6268888E658F}
	EndGlobalSection
EndGlobal
